
Microsoft Visual Studio Solution File, Format Version 12.00
# Visual Studio 15
VisualStudioVersion = 15.0.28307.1209
MinimumVisualStudioVersion = 10.0.40219.1
Project("{FAE04EC0-301F-11D3-BF4B-00C04F79EFBC}") = "Abdul_Latief_Fathoni_TB2_Data_Mahasiswa", "Abdul_Latief_Fathoni_TB2_Data_Mahasiswa\Abdul_Latief_Fathoni_TB2_Data_Mahasiswa.csproj", "{C2717D78-ACEE-4810-B9E2-9CAA3842ABAA}"
EndProject
Global
	GlobalSection(SolutionConfigurationPlatforms) = preSolution
		Debug|Any CPU = Debug|Any CPU
		Release|Any CPU = Release|Any CPU
	EndGlobalSection
	GlobalSection(ProjectConfigurationPlatforms) = postSolution
		{C2717D78-ACEE-4810-B9E2-9CAA3842ABAA}.Debug|Any CPU.ActiveCfg = Debug|Any CPU
		{C2717D78-ACEE-4810-B9E2-9CAA3842ABAA}.Debug|Any CPU.Build.0 = Debug|Any CPU
		{C2717D78-ACEE-4810-B9E2-9CAA3842ABAA}.Release|Any CPU.ActiveCfg = Release|Any CPU
		{C2717D78-ACEE-4810-B9E2-9CAA3842ABAA}.Release|Any CPU.Build.0 = Release|Any CPU
	EndGlobalSection
	GlobalSection(SolutionProperties) = preSolution
		HideSolutionNode = FALSE
	EndGlobalSection
	GlobalSection(ExtensibilityGlobals) = postSolution
		SolutionGuid = {E5D5C969-58DF-43B1-88AD-4773C2529F7E}
	EndGlobalSection
EndGlobal
